
Microsoft Visual Studio Solution File, Format Version 12.00
# Visual Studio Version 17
VisualStudioVersion = 17.5.33502.453
MinimumVisualStudioVersion = 10.0.40219.1
Project("{9A19103F-16F7-4668-BE54-9A1E7A4F7556}") = "MarkRestaurant", "MarkRestaurant.csproj", "{4C863962-57DD-49CA-AC6A-F132FFC346C3}"
EndProject
Global
	GlobalSection(SolutionConfigurationPlatforms) = preSolution
		Debug|Any CPU = Debug|Any CPU
		Release|Any CPU = Release|Any CPU
	EndGlobalSection
	GlobalSection(ProjectConfigurationPlatforms) = postSolution
		{4C863962-57DD-49CA-AC6A-F132FFC346C3}.Debug|Any CPU.ActiveCfg = Debug|Any CPU
		{4C863962-57DD-49CA-AC6A-F132FFC346C3}.Debug|Any CPU.Build.0 = Debug|Any CPU
		{4C863962-57DD-49CA-AC6A-F132FFC346C3}.Release|Any CPU.ActiveCfg = Release|Any CPU
		{4C863962-57DD-49CA-AC6A-F132FFC346C3}.Release|Any CPU.Build.0 = Release|Any CPU
	EndGlobalSection
	GlobalSection(SolutionProperties) = preSolution
		HideSolutionNode = FALSE
	EndGlobalSection
	GlobalSection(ExtensibilityGlobals) = postSolution
		SolutionGuid = {A5A11A01-B344-4B05-BCB2-27F379ACA82D}
	EndGlobalSection
EndGlobal
